
Microsoft Visual Studio Solution File, Format Version 12.00
# Visual Studio Version 16
VisualStudioVersion = 16.0.29509.3
MinimumVisualStudioVersion = 10.0.40219.1
Project("{FAE04EC0-301F-11D3-BF4B-00C04F79EFBC}") = "ThemeApp.UWP", "ThemeApp\ThemeApp.UWP\ThemeApp.UWP.csproj", "{99CA1CE1-A6B9-47CD-8D5A-FF9FF1E505A1}"
EndProject
Project("{FAE04EC0-301F-11D3-BF4B-00C04F79EFBC}") = "ThemeApp.Android", "ThemeApp\ThemeApp.Android\ThemeApp.Android.csproj", "{75F40428-381C-4607-AD69-9D140118AB11}"
EndProject
Project("{FAE04EC0-301F-11D3-BF4B-00C04F79EFBC}") = "ThemeApp.iOS", "ThemeApp\ThemeApp.iOS\ThemeApp.iOS.csproj", "{ED187DEE-1DA4-4B5E-9918-F31EBC8972AE}"
EndProject
Project("{9A19103F-16F7-4668-BE54-9A1E7A4F7556}") = "ThemeApp", "ThemeApp\ThemeApp\ThemeApp.csproj", "{ACDCE8C4-E81E-4383-B9A9-09DF20FDE7F9}"
EndProject
Global
	GlobalSection(SolutionConfigurationPlatforms) = preSolution
		Debug|Any CPU = Debug|Any CPU
		Debug|ARM = Debug|ARM
		Debug|iPhone = Debug|iPhone
		Debug|iPhoneSimulator = Debug|iPhoneSimulator
		Debug|x64 = Debug|x64
		Debug|x86 = Debug|x86
		Release|Any CPU = Release|Any CPU
		Release|ARM = Release|ARM
		Release|iPhone = Release|iPhone
		Release|iPhoneSimulator = Release|iPhoneSimulator
		Release|x64 = Release|x64
		Release|x86 = Release|x86
	EndGlobalSection
	GlobalSection(ProjectConfigurationPlatforms) = postSolution
		{99CA1CE1-A6B9-47CD-8D5A-FF9FF1E505A1}.Debug|Any CPU.ActiveCfg = Debug|x86
		{99CA1CE1-A6B9-47CD-8D5A-FF9FF1E505A1}.Debug|Any CPU.Build.0 = Debug|x86
		{99CA1CE1-A6B9-47CD-8D5A-FF9FF1E505A1}.Debug|Any CPU.Deploy.0 = Debug|x86
		{99CA1CE1-A6B9-47CD-8D5A-FF9FF1E505A1}.Debug|ARM.ActiveCfg = Debug|ARM
		{99CA1CE1-A6B9-47CD-8D5A-FF9FF1E505A1}.Debug|ARM.Build.0 = Debug|ARM
		{99CA1CE1-A6B9-47CD-8D5A-FF9FF1E505A1}.Debug|ARM.Deploy.0 = Debug|ARM
		{99CA1CE1-A6B9-47CD-8D5A-FF9FF1E505A1}.Debug|iPhone.ActiveCfg = Debug|x86
		{99CA1CE1-A6B9-47CD-8D5A-FF9FF1E505A1}.Debug|iPhone.Build.0 = Debug|x86
		{99CA1CE1-A6B9-47CD-8D5A-FF9FF1E505A1}.Debug|iPhone.Deploy.0 = Debug|x86
		{99CA1CE1-A6B9-47CD-8D5A-FF9FF1E505A1}.Debug|iPhoneSimulator.ActiveCfg = Debug|x86
		{99CA1CE1-A6B9-47CD-8D5A-FF9FF1E505A1}.Debug|iPhoneSimulator.Build.0 = Debug|x86
		{99CA1CE1-A6B9-47CD-8D5A-FF9FF1E505A1}.Debug|iPhoneSimulator.Deploy.0 = Debug|x86
		{99CA1CE1-A6B9-47CD-8D5A-FF9FF1E505A1}.Debug|x64.ActiveCfg = Debug|x64
		{99CA1CE1-A6B9-47CD-8D5A-FF9FF1E505A1}.Debug|x64.Build.0 = Debug|x64
		{99CA1CE1-A6B9-47CD-8D5A-FF9FF1E505A1}.Debug|x64.Deploy.0 = Debug|x64
		{99CA1CE1-A6B9-47CD-8D5A-FF9FF1E505A1}.Debug|x86.ActiveCfg = Debug|x86
		{99CA1CE1-A6B9-47CD-8D5A-FF9FF1E505A1}.Debug|x86.Build.0 = Debug|x86
		{99CA1CE1-A6B9-47CD-8D5A-FF9FF1E505A1}.Debug|x86.Deploy.0 = Debug|x86
		{99CA1CE1-A6B9-47CD-8D5A-FF9FF1E505A1}.Release|Any CPU.ActiveCfg = Release|x86
		{99CA1CE1-A6B9-47CD-8D5A-FF9FF1E505A1}.Release|Any CPU.Build.0 = Release|x86
		{99CA1CE1-A6B9-47CD-8D5A-FF9FF1E505A1}.Release|Any CPU.Deploy.0 = Release|x86
		{99CA1CE1-A6B9-47CD-8D5A-FF9FF1E505A1}.Release|ARM.ActiveCfg = Release|ARM
		{99CA1CE1-A6B9-47CD-8D5A-FF9FF1E505A1}.Release|ARM.Build.0 = Release|ARM
		{99CA1CE1-A6B9-47CD-8D5A-FF9FF1E505A1}.Release|ARM.Deploy.0 = Release|ARM
		{99CA1CE1-A6B9-47CD-8D5A-FF9FF1E505A1}.Release|iPhone.ActiveCfg = Release|x86
		{99CA1CE1-A6B9-47CD-8D5A-FF9FF1E505A1}.Release|iPhone.Build.0 = Release|x86
		{99CA1CE1-A6B9-47CD-8D5A-FF9FF1E505A1}.Release|iPhone.Deploy.0 = Release|x86
		{99CA1CE1-A6B9-47CD-8D5A-FF9FF1E505A1}.Release|iPhoneSimulator.ActiveCfg = Release|x86
		{99CA1CE1-A6B9-47CD-8D5A-FF9FF1E505A1}.Release|iPhoneSimulator.Build.0 = Release|x86
		{99CA1CE1-A6B9-47CD-8D5A-FF9FF1E505A1}.Release|iPhoneSimulator.Deploy.0 = Release|x86
		{99CA1CE1-A6B9-47CD-8D5A-FF9FF1E505A1}.Release|x64.ActiveCfg = Release|x64
		{99CA1CE1-A6B9-47CD-8D5A-FF9FF1E505A1}.Release|x64.Build.0 = Release|x64
		{99CA1CE1-A6B9-47CD-8D5A-FF9FF1E505A1}.Release|x64.Deploy.0 = Release|x64
		{99CA1CE1-A6B9-47CD-8D5A-FF9FF1E505A1}.Release|x86.ActiveCfg = Release|x86
		{99CA1CE1-A6B9-47CD-8D5A-FF9FF1E505A1}.Release|x86.Build.0 = Release|x86
		{99CA1CE1-A6B9-47CD-8D5A-FF9FF1E505A1}.Release|x86.Deploy.0 = Release|x86
		{75F40428-381C-4607-AD69-9D140118AB11}.Debug|Any CPU.ActiveCfg = Debug|Any CPU
		{75F40428-381C-4607-AD69-9D140118AB11}.Debug|Any CPU.Build.0 = Debug|Any CPU
		{75F40428-381C-4607-AD69-9D140118AB11}.Debug|Any CPU.Deploy.0 = Debug|Any CPU
		{75F40428-381C-4607-AD69-9D140118AB11}.Debug|ARM.ActiveCfg = Debug|Any CPU
		{75F40428-381C-4607-AD69-9D140118AB11}.Debug|ARM.Build.0 = Debug|Any CPU
		{75F40428-381C-4607-AD69-9D140118AB11}.Debug|ARM.Deploy.0 = Debug|Any CPU
		{75F40428-381C-4607-AD69-9D140118AB11}.Debug|iPhone.ActiveCfg = Debug|Any CPU
		{75F40428-381C-4607-AD69-9D140118AB11}.Debug|iPhone.Build.0 = Debug|Any CPU
		{75F40428-381C-4607-AD69-9D140118AB11}.Debug|iPhone.Deploy.0 = Debug|Any CPU
		{75F40428-381C-4607-AD69-9D140118AB11}.Debug|iPhoneSimulator.ActiveCfg = Debug|Any CPU
		{75F40428-381C-4607-AD69-9D140118AB11}.Debug|iPhoneSimulator.Build.0 = Debug|Any CPU
		{75F40428-381C-4607-AD69-9D140118AB11}.Debug|iPhoneSimulator.Deploy.0 = Debug|Any CPU
		{75F40428-381C-4607-AD69-9D140118AB11}.Debug|x64.ActiveCfg = Debug|Any CPU
		{75F40428-381C-4607-AD69-9D140118AB11}.Debug|x64.Build.0 = Debug|Any CPU
		{75F40428-381C-4607-AD69-9D140118AB11}.Debug|x64.Deploy.0 = Debug|Any CPU
		{75F40428-381C-4607-AD69-9D140118AB11}.Debug|x86.ActiveCfg = Debug|Any CPU
		{75F40428-381C-4607-AD69-9D140118AB11}.Debug|x86.Build.0 = Debug|Any CPU
		{75F40428-381C-4607-AD69-9D140118AB11}.Debug|x86.Deploy.0 = Debug|Any CPU
		{75F40428-381C-4607-AD69-9D140118AB11}.Release|Any CPU.ActiveCfg = Release|Any CPU
		{75F40428-381C-4607-AD69-9D140118AB11}.Release|Any CPU.Build.0 = Release|Any CPU
		{75F40428-381C-4607-AD69-9D140118AB11}.Release|Any CPU.Deploy.0 = Release|Any CPU
		{75F40428-381C-4607-AD69-9D140118AB11}.Release|ARM.ActiveCfg = Release|Any CPU
		{75F40428-381C-4607-AD69-9D140118AB11}.Release|ARM.Build.0 = Release|Any CPU
		{75F40428-381C-4607-AD69-9D140118AB11}.Release|ARM.Deploy.0 = Release|Any CPU
		{75F40428-381C-4607-AD69-9D140118AB11}.Release|iPhone.ActiveCfg = Release|Any CPU
		{75F40428-381C-4607-AD69-9D140118AB11}.Release|iPhone.Build.0 = Release|Any CPU
		{75F40428-381C-4607-AD69-9D140118AB11}.Release|iPhone.Deploy.0 = Release|Any CPU
		{75F40428-381C-4607-AD69-9D140118AB11}.Release|iPhoneSimulator.ActiveCfg = Release|Any CPU
		{75F40428-381C-4607-AD69-9D140118AB11}.Release|iPhoneSimulator.Build.0 = Release|Any CPU
		{75F40428-381C-4607-AD69-9D140118AB11}.Release|iPhoneSimulator.Deploy.0 = Release|Any CPU
		{75F40428-381C-4607-AD69-9D140118AB11}.Release|x64.ActiveCfg = Release|Any CPU
		{75F40428-381C-4607-AD69-9D140118AB11}.Release|x64.Build.0 = Release|Any CPU
		{75F40428-381C-4607-AD69-9D140118AB11}.Release|x64.Deploy.0 = Release|Any CPU
		{75F40428-381C-4607-AD69-9D140118AB11}.Release|x86.ActiveCfg = Release|Any CPU
		{75F40428-381C-4607-AD69-9D140118AB11}.Release|x86.Build.0 = Release|Any CPU
		{75F40428-381C-4607-AD69-9D140118AB11}.Release|x86.Deploy.0 = Release|Any CPU
		{ED187DEE-1DA4-4B5E-9918-F31EBC8972AE}.Debug|Any CPU.ActiveCfg = Debug|iPhone
		{ED187DEE-1DA4-4B5E-9918-F31EBC8972AE}.Debug|Any CPU.Build.0 = Debug|iPhone
		{ED187DEE-1DA4-4B5E-9918-F31EBC8972AE}.Debug|Any CPU.Deploy.0 = Debug|iPhone
		{ED187DEE-1DA4-4B5E-9918-F31EBC8972AE}.Debug|ARM.ActiveCfg = Debug|iPhoneSimulator
		{ED187DEE-1DA4-4B5E-9918-F31EBC8972AE}.Debug|ARM.Build.0 = Debug|iPhoneSimulator
		{ED187DEE-1DA4-4B5E-9918-F31EBC8972AE}.Debug|ARM.Deploy.0 = Debug|iPhoneSimulator
		{ED187DEE-1DA4-4B5E-9918-F31EBC8972AE}.Debug|iPhone.ActiveCfg = Debug|iPhone
		{ED187DEE-1DA4-4B5E-9918-F31EBC8972AE}.Debug|iPhone.Build.0 = Debug|iPhone
		{ED187DEE-1DA4-4B5E-9918-F31EBC8972AE}.Debug|iPhone.Deploy.0 = Debug|iPhone
		{ED187DEE-1DA4-4B5E-9918-F31EBC8972AE}.Debug|iPhoneSimulator.ActiveCfg = Debug|iPhoneSimulator
		{ED187DEE-1DA4-4B5E-9918-F31EBC8972AE}.Debug|iPhoneSimulator.Build.0 = Debug|iPhoneSimulator
		{ED187DEE-1DA4-4B5E-9918-F31EBC8972AE}.Debug|iPhoneSimulator.Deploy.0 = Debug|iPhoneSimulator
		{ED187DEE-1DA4-4B5E-9918-F31EBC8972AE}.Debug|x64.ActiveCfg = Debug|iPhone
		{ED187DEE-1DA4-4B5E-9918-F31EBC8972AE}.Debug|x64.Build.0 = Debug|iPhone
		{ED187DEE-1DA4-4B5E-9918-F31EBC8972AE}.Debug|x64.Deploy.0 = Debug|iPhone
		{ED187DEE-1DA4-4B5E-9918-F31EBC8972AE}.Debug|x86.ActiveCfg = Debug|iPhone
		{ED187DEE-1DA4-4B5E-9918-F31EBC8972AE}.Debug|x86.Build.0 = Debug|iPhone
		{ED187DEE-1DA4-4B5E-9918-F31EBC8972AE}.Debug|x86.Deploy.0 = Debug|iPhone
		{ED187DEE-1DA4-4B5E-9918-F31EBC8972AE}.Release|Any CPU.ActiveCfg = Release|iPhone
		{ED187DEE-1DA4-4B5E-9918-F31EBC8972AE}.Release|Any CPU.Build.0 = Release|iPhone
		{ED187DEE-1DA4-4B5E-9918-F31EBC8972AE}.Release|Any CPU.Deploy.0 = Release|iPhone
		{ED187DEE-1DA4-4B5E-9918-F31EBC8972AE}.Release|ARM.ActiveCfg = Release|iPhone
		{ED187DEE-1DA4-4B5E-9918-F31EBC8972AE}.Release|ARM.Build.0 = Release|iPhone
		{ED187DEE-1DA4-4B5E-9918-F31EBC8972AE}.Release|ARM.Deploy.0 = Release|iPhone
		{ED187DEE-1DA4-4B5E-9918-F31EBC8972AE}.Release|iPhone.ActiveCfg = Release|iPhone
		{ED187DEE-1DA4-4B5E-9918-F31EBC8972AE}.Release|iPhone.Build.0 = Release|iPhone
		{ED187DEE-1DA4-4B5E-9918-F31EBC8972AE}.Release|iPhone.Deploy.0 = Release|iPhone
		{ED187DEE-1DA4-4B5E-9918-F31EBC8972AE}.Release|iPhoneSimulator.ActiveCfg = Release|iPhoneSimulator
		{ED187DEE-1DA4-4B5E-9918-F31EBC8972AE}.Release|iPhoneSimulator.Build.0 = Release|iPhoneSimulator
		{ED187DEE-1DA4-4B5E-9918-F31EBC8972AE}.Release|iPhoneSimulator.Deploy.0 = Release|iPhoneSimulator
		{ED187DEE-1DA4-4B5E-9918-F31EBC8972AE}.Release|x64.ActiveCfg = Release|iPhone
		{ED187DEE-1DA4-4B5E-9918-F31EBC8972AE}.Release|x64.Build.0 = Release|iPhone
		{ED187DEE-1DA4-4B5E-9918-F31EBC8972AE}.Release|x64.Deploy.0 = Release|iPhone
		{ED187DEE-1DA4-4B5E-9918-F31EBC8972AE}.Release|x86.ActiveCfg = Release|iPhone
		{ED187DEE-1DA4-4B5E-9918-F31EBC8972AE}.Release|x86.Build.0 = Release|iPhone
		{ED187DEE-1DA4-4B5E-9918-F31EBC8972AE}.Release|x86.Deploy.0 = Release|iPhone
		{ACDCE8C4-E81E-4383-B9A9-09DF20FDE7F9}.Debug|Any CPU.ActiveCfg = Debug|Any CPU
		{ACDCE8C4-E81E-4383-B9A9-09DF20FDE7F9}.Debug|Any CPU.Build.0 = Debug|Any CPU
		{ACDCE8C4-E81E-4383-B9A9-09DF20FDE7F9}.Debug|Any CPU.Deploy.0 = Debug|Any CPU
		{ACDCE8C4-E81E-4383-B9A9-09DF20FDE7F9}.Debug|ARM.ActiveCfg = Debug|Any CPU
		{ACDCE8C4-E81E-4383-B9A9-09DF20FDE7F9}.Debug|ARM.Build.0 = Debug|Any CPU
		{ACDCE8C4-E81E-4383-B9A9-09DF20FDE7F9}.Debug|ARM.Deploy.0 = Debug|Any CPU
		{ACDCE8C4-E81E-4383-B9A9-09DF20FDE7F9}.Debug|iPhone.ActiveCfg = Debug|Any CPU
		{ACDCE8C4-E81E-4383-B9A9-09DF20FDE7F9}.Debug|iPhone.Build.0 = Debug|Any CPU
		{ACDCE8C4-E81E-4383-B9A9-09DF20FDE7F9}.Debug|iPhone.Deploy.0 = Debug|Any CPU
		{ACDCE8C4-E81E-4383-B9A9-09DF20FDE7F9}.Debug|iPhoneSimulator.ActiveCfg = Debug|Any CPU
		{ACDCE8C4-E81E-4383-B9A9-09DF20FDE7F9}.Debug|iPhoneSimulator.Build.0 = Debug|Any CPU
		{ACDCE8C4-E81E-4383-B9A9-09DF20FDE7F9}.Debug|iPhoneSimulator.Deploy.0 = Debug|Any CPU
		{ACDCE8C4-E81E-4383-B9A9-09DF20FDE7F9}.Debug|x64.ActiveCfg = Debug|Any CPU
		{ACDCE8C4-E81E-4383-B9A9-09DF20FDE7F9}.Debug|x64.Build.0 = Debug|Any CPU
		{ACDCE8C4-E81E-4383-B9A9-09DF20FDE7F9}.Debug|x64.Deploy.0 = Debug|Any CPU
		{ACDCE8C4-E81E-4383-B9A9-09DF20FDE7F9}.Debug|x86.ActiveCfg = Debug|Any CPU
		{ACDCE8C4-E81E-4383-B9A9-09DF20FDE7F9}.Debug|x86.Build.0 = Debug|Any CPU
		{ACDCE8C4-E81E-4383-B9A9-09DF20FDE7F9}.Debug|x86.Deploy.0 = Debug|Any CPU
		{ACDCE8C4-E81E-4383-B9A9-09DF20FDE7F9}.Release|Any CPU.ActiveCfg = Release|Any CPU
		{ACDCE8C4-E81E-4383-B9A9-09DF20FDE7F9}.Release|Any CPU.Build.0 = Release|Any CPU
		{ACDCE8C4-E81E-4383-B9A9-09DF20FDE7F9}.Release|Any CPU.Deploy.0 = Release|Any CPU
		{ACDCE8C4-E81E-4383-B9A9-09DF20FDE7F9}.Release|ARM.ActiveCfg = Release|Any CPU
		{ACDCE8C4-E81E-4383-B9A9-09DF20FDE7F9}.Release|ARM.Build.0 = Release|Any CPU
		{ACDCE8C4-E81E-4383-B9A9-09DF20FDE7F9}.Release|ARM.Deploy.0 = Release|Any CPU
		{ACDCE8C4-E81E-4383-B9A9-09DF20FDE7F9}.Release|iPhone.ActiveCfg = Release|Any CPU
		{ACDCE8C4-E81E-4383-B9A9-09DF20FDE7F9}.Release|iPhone.Build.0 = Release|Any CPU
		{ACDCE8C4-E81E-4383-B9A9-09DF20FDE7F9}.Release|iPhone.Deploy.0 = Release|Any CPU
		{ACDCE8C4-E81E-4383-B9A9-09DF20FDE7F9}.Release|iPhoneSimulator.ActiveCfg = Release|Any CPU
		{ACDCE8C4-E81E-4383-B9A9-09DF20FDE7F9}.Release|iPhoneSimulator.Build.0 = Release|Any CPU
		{ACDCE8C4-E81E-4383-B9A9-09DF20FDE7F9}.Release|iPhoneSimulator.Deploy.0 = Release|Any CPU
		{ACDCE8C4-E81E-4383-B9A9-09DF20FDE7F9}.Release|x64.ActiveCfg = Release|Any CPU
		{ACDCE8C4-E81E-4383-B9A9-09DF20FDE7F9}.Release|x64.Build.0 = Release|Any CPU
		{ACDCE8C4-E81E-4383-B9A9-09DF20FDE7F9}.Release|x64.Deploy.0 = Release|Any CPU
		{ACDCE8C4-E81E-4383-B9A9-09DF20FDE7F9}.Release|x86.ActiveCfg = Release|Any CPU
		{ACDCE8C4-E81E-4383-B9A9-09DF20FDE7F9}.Release|x86.Build.0 = Release|Any CPU
		{ACDCE8C4-E81E-4383-B9A9-09DF20FDE7F9}.Release|x86.Deploy.0 = Release|Any CPU
	EndGlobalSection
	GlobalSection(SolutionProperties) = preSolution
		HideSolutionNode = FALSE
	EndGlobalSection
	GlobalSection(ExtensibilityGlobals) = postSolution
		SolutionGuid = {F9D0F4E7-EBB6-4686-A718-2DDD36B7C5FF}
	EndGlobalSection
EndGlobal
